
Microsoft Visual Studio Solution File, Format Version 12.00
# Visual Studio 2013
VisualStudioVersion = 12.0.40629.0
MinimumVisualStudioVersion = 10.0.40219.1
Project("{FAE04EC0-301F-11D3-BF4B-00C04F79EFBC}") = "ListaSolicitacaoDeInformacaoWFA", "ListaSolicitacaoDeInformacaoWFA\ListaSolicitacaoDeInformacaoWFA.csproj", "{AB5A88B0-BDE8-4FD8-B757-D3CF349505BE}"
EndProject
Global
	GlobalSection(SolutionConfigurationPlatforms) = preSolution
		Debug|Any CPU = Debug|Any CPU
		Release|Any CPU = Release|Any CPU
	EndGlobalSection
	GlobalSection(ProjectConfigurationPlatforms) = postSolution
		{AB5A88B0-BDE8-4FD8-B757-D3CF349505BE}.Debug|Any CPU.ActiveCfg = Debug|Any CPU
		{AB5A88B0-BDE8-4FD8-B757-D3CF349505BE}.Debug|Any CPU.Build.0 = Debug|Any CPU
		{AB5A88B0-BDE8-4FD8-B757-D3CF349505BE}.Release|Any CPU.ActiveCfg = Release|Any CPU
		{AB5A88B0-BDE8-4FD8-B757-D3CF349505BE}.Release|Any CPU.Build.0 = Release|Any CPU
	EndGlobalSection
	GlobalSection(SolutionProperties) = preSolution
		HideSolutionNode = FALSE
	EndGlobalSection
EndGlobal
